
Microsoft Visual Studio Solution File, Format Version 12.00
# Visual Studio 15
VisualStudioVersion = 15.0.28010.2003
MinimumVisualStudioVersion = 10.0.40219.1
Project("{262852C6-CD72-467D-83FE-5EEB1973A190}") = "WeatherApp", "WeatherApp\WeatherApp.jsproj", "{D4C0F61C-C514-4067-B2AE-9482850FED73}"
EndProject
Global
	GlobalSection(SolutionConfigurationPlatforms) = preSolution
		Debug|Android = Debug|Android
		Debug|iOS = Debug|iOS
		Debug|Windows-ARM = Debug|Windows-ARM
		Debug|Windows-x64 = Debug|Windows-x64
		Debug|Windows-x86 = Debug|Windows-x86
		Release|Android = Release|Android
		Release|iOS = Release|iOS
		Release|Windows-ARM = Release|Windows-ARM
		Release|Windows-x64 = Release|Windows-x64
		Release|Windows-x86 = Release|Windows-x86
	EndGlobalSection
	GlobalSection(ProjectConfigurationPlatforms) = postSolution
		{D4C0F61C-C514-4067-B2AE-9482850FED73}.Debug|Android.ActiveCfg = Debug|Android
		{D4C0F61C-C514-4067-B2AE-9482850FED73}.Debug|Android.Build.0 = Debug|Android
		{D4C0F61C-C514-4067-B2AE-9482850FED73}.Debug|Android.Deploy.0 = Debug|Android
		{D4C0F61C-C514-4067-B2AE-9482850FED73}.Debug|iOS.ActiveCfg = Debug|iOS
		{D4C0F61C-C514-4067-B2AE-9482850FED73}.Debug|iOS.Build.0 = Debug|iOS
		{D4C0F61C-C514-4067-B2AE-9482850FED73}.Debug|iOS.Deploy.0 = Debug|iOS
		{D4C0F61C-C514-4067-B2AE-9482850FED73}.Debug|Windows-ARM.ActiveCfg = Debug|Windows-ARM
		{D4C0F61C-C514-4067-B2AE-9482850FED73}.Debug|Windows-ARM.Build.0 = Debug|Windows-ARM
		{D4C0F61C-C514-4067-B2AE-9482850FED73}.Debug|Windows-ARM.Deploy.0 = Debug|Windows-ARM
		{D4C0F61C-C514-4067-B2AE-9482850FED73}.Debug|Windows-x64.ActiveCfg = Debug|Windows-x64
		{D4C0F61C-C514-4067-B2AE-9482850FED73}.Debug|Windows-x64.Build.0 = Debug|Windows-x64
		{D4C0F61C-C514-4067-B2AE-9482850FED73}.Debug|Windows-x64.Deploy.0 = Debug|Windows-x64
		{D4C0F61C-C514-4067-B2AE-9482850FED73}.Debug|Windows-x86.ActiveCfg = Debug|Windows-x86
		{D4C0F61C-C514-4067-B2AE-9482850FED73}.Debug|Windows-x86.Build.0 = Debug|Windows-x86
		{D4C0F61C-C514-4067-B2AE-9482850FED73}.Debug|Windows-x86.Deploy.0 = Debug|Windows-x86
		{D4C0F61C-C514-4067-B2AE-9482850FED73}.Release|Android.ActiveCfg = Release|Android
		{D4C0F61C-C514-4067-B2AE-9482850FED73}.Release|Android.Build.0 = Release|Android
		{D4C0F61C-C514-4067-B2AE-9482850FED73}.Release|Android.Deploy.0 = Release|Android
		{D4C0F61C-C514-4067-B2AE-9482850FED73}.Release|iOS.ActiveCfg = Release|iOS
		{D4C0F61C-C514-4067-B2AE-9482850FED73}.Release|iOS.Build.0 = Release|iOS
		{D4C0F61C-C514-4067-B2AE-9482850FED73}.Release|iOS.Deploy.0 = Release|iOS
		{D4C0F61C-C514-4067-B2AE-9482850FED73}.Release|Windows-ARM.ActiveCfg = Release|Windows-ARM
		{D4C0F61C-C514-4067-B2AE-9482850FED73}.Release|Windows-ARM.Build.0 = Release|Windows-ARM
		{D4C0F61C-C514-4067-B2AE-9482850FED73}.Release|Windows-ARM.Deploy.0 = Release|Windows-ARM
		{D4C0F61C-C514-4067-B2AE-9482850FED73}.Release|Windows-x64.ActiveCfg = Release|Windows-x64
		{D4C0F61C-C514-4067-B2AE-9482850FED73}.Release|Windows-x64.Build.0 = Release|Windows-x64
		{D4C0F61C-C514-4067-B2AE-9482850FED73}.Release|Windows-x64.Deploy.0 = Release|Windows-x64
		{D4C0F61C-C514-4067-B2AE-9482850FED73}.Release|Windows-x86.ActiveCfg = Release|Windows-x86
		{D4C0F61C-C514-4067-B2AE-9482850FED73}.Release|Windows-x86.Build.0 = Release|Windows-x86
		{D4C0F61C-C514-4067-B2AE-9482850FED73}.Release|Windows-x86.Deploy.0 = Release|Windows-x86
	EndGlobalSection
	GlobalSection(SolutionProperties) = preSolution
		HideSolutionNode = FALSE
	EndGlobalSection
	GlobalSection(ExtensibilityGlobals) = postSolution
		SolutionGuid = {0A7BEC1E-73AF-4411-9154-86D6567F59EA}
	EndGlobalSection
EndGlobal
